// !$*UTF8*$!
{
	archiveVersion = 1;
	classes = {
	};
	objectVersion = 48;
	objects = {

/* Begin PBXBuildFile section */
		000E7D0D219D5119000058E1 /* beaconXSDK.podspec in Resources */ = {isa = PBXBuildFile; fileRef = 000E7D0C219D5119000058E1 /* beaconXSDK.podspec */; };
		00151AC821226E91004EC60D /* MKTestViewController.m in Sources */ = {isa = PBXBuildFile; fileRef = 001519B721226E90004EC60D /* MKTestViewController.m */; };
		001EC5E4211AE4380041806D /* AppDelegate.m in Sources */ = {isa = PBXBuildFile; fileRef = 001EC5E3211AE4380041806D /* AppDelegate.m */; };
		001EC5EC211AE4380041806D /* Assets.xcassets in Resources */ = {isa = PBXBuildFile; fileRef = 001EC5EB211AE4380041806D /* Assets.xcassets */; };
		001EC5F2211AE4380041806D /* main.m in Sources */ = {isa = PBXBuildFile; fileRef = 001EC5F1211AE4380041806D /* main.m */; };
		0046182B21269D300036C060 /* MKScanViewController.m in Sources */ = {isa = PBXBuildFile; fileRef = 0046182A21269D300036C060 /* MKScanViewController.m */; };
		007E037121A6A0FE00F1B957 /* MKEddystoneInterface.m in Sources */ = {isa = PBXBuildFile; fileRef = 007E036121A6A0FE00F1B957 /* MKEddystoneInterface.m */; };
		007E037221A6A0FE00F1B957 /* MKCentralManager.m in Sources */ = {isa = PBXBuildFile; fileRef = 007E036221A6A0FE00F1B957 /* MKCentralManager.m */; };
		007E037321A6A0FE00F1B957 /* MKBaseReceiveBeacon.m in Sources */ = {isa = PBXBuildFile; fileRef = 007E036321A6A0FE00F1B957 /* MKBaseReceiveBeacon.m */; };
		007E037421A6A0FE00F1B957 /* MKEddystoneOperation.m in Sources */ = {isa = PBXBuildFile; fileRef = 007E036521A6A0FE00F1B957 /* MKEddystoneOperation.m */; };
		007E037521A6A0FE00F1B957 /* MKEddystoneAdopter.m in Sources */ = {isa = PBXBuildFile; fileRef = 007E036721A6A0FE00F1B957 /* MKEddystoneAdopter.m */; };
		007E037621A6A0FE00F1B957 /* MKEddystoneDataParser.m in Sources */ = {isa = PBXBuildFile; fileRef = 007E036E21A6A0FE00F1B957 /* MKEddystoneDataParser.m */; };
		007E037721A6A0FE00F1B957 /* CBPeripheral+eddystoneAdd.m in Sources */ = {isa = PBXBuildFile; fileRef = 007E037021A6A0FE00F1B957 /* CBPeripheral+eddystoneAdd.m */; };
/* End PBXBuildFile section */

/* Begin PBXFileReference section */
		000E7D0C219D5119000058E1 /* beaconXSDK.podspec */ = {isa = PBXFileReference; fileEncoding = 4; lastKnownFileType = text; path = beaconXSDK.podspec; sourceTree = "<group>"; };
		001519B721226E90004EC60D /* MKTestViewController.m */ = {isa = PBXFileReference; fileEncoding = 4; lastKnownFileType = sourcecode.c.objc; path = MKTestViewController.m; sourceTree = "<group>"; };
		00151AC721226E91004EC60D /* MKTestViewController.h */ = {isa = PBXFileReference; fileEncoding = 4; lastKnownFileType = sourcecode.c.h; path = MKTestViewController.h; sourceTree = "<group>"; };
		001EC5DF211AE4380041806D /* EddystoneSDK.app */ = {isa = PBXFileReference; explicitFileType = wrapper.application; includeInIndex = 0; path = EddystoneSDK.app; sourceTree = BUILT_PRODUCTS_DIR; };
		001EC5E2211AE4380041806D /* AppDelegate.h */ = {isa = PBXFileReference; lastKnownFileType = sourcecode.c.h; path = AppDelegate.h; sourceTree = "<group>"; };
		001EC5E3211AE4380041806D /* AppDelegate.m */ = {isa = PBXFileReference; lastKnownFileType = sourcecode.c.objc; path = AppDelegate.m; sourceTree = "<group>"; };
		001EC5EB211AE4380041806D /* Assets.xcassets */ = {isa = PBXFileReference; lastKnownFileType = folder.assetcatalog; path = Assets.xcassets; sourceTree = "<group>"; };
		001EC5F0211AE4380041806D /* Info.plist */ = {isa = PBXFileReference; lastKnownFileType = text.plist.xml; path = Info.plist; sourceTree = "<group>"; };
		001EC5F1211AE4380041806D /* main.m */ = {isa = PBXFileReference; lastKnownFileType = sourcecode.c.objc; path = main.m; sourceTree = "<group>"; };
		0046182921269D300036C060 /* MKScanViewController.h */ = {isa = PBXFileReference; lastKnownFileType = sourcecode.c.h; path = MKScanViewController.h; sourceTree = "<group>"; };
		0046182A21269D300036C060 /* MKScanViewController.m */ = {isa = PBXFileReference; lastKnownFileType = sourcecode.c.objc; path = MKScanViewController.m; sourceTree = "<group>"; };
		007E035F21A6A0FE00F1B957 /* MKEddystoneAdopter.h */ = {isa = PBXFileReference; fileEncoding = 4; lastKnownFileType = sourcecode.c.h; path = MKEddystoneAdopter.h; sourceTree = "<group>"; };
		007E036021A6A0FE00F1B957 /* MKEddystoneOperationIDDefines.h */ = {isa = PBXFileReference; fileEncoding = 4; lastKnownFileType = sourcecode.c.h; path = MKEddystoneOperationIDDefines.h; sourceTree = "<group>"; };
		007E036121A6A0FE00F1B957 /* MKEddystoneInterface.m */ = {isa = PBXFileReference; fileEncoding = 4; lastKnownFileType = sourcecode.c.objc; path = MKEddystoneInterface.m; sourceTree = "<group>"; };
		007E036221A6A0FE00F1B957 /* MKCentralManager.m */ = {isa = PBXFileReference; fileEncoding = 4; lastKnownFileType = sourcecode.c.objc; path = MKCentralManager.m; sourceTree = "<group>"; };
		007E036321A6A0FE00F1B957 /* MKBaseReceiveBeacon.m */ = {isa = PBXFileReference; fileEncoding = 4; lastKnownFileType = sourcecode.c.objc; path = MKBaseReceiveBeacon.m; sourceTree = "<group>"; };
		007E036421A6A0FE00F1B957 /* CBPeripheral+eddystoneAdd.h */ = {isa = PBXFileReference; fileEncoding = 4; lastKnownFileType = sourcecode.c.h; path = "CBPeripheral+eddystoneAdd.h"; sourceTree = "<group>"; };
		007E036521A6A0FE00F1B957 /* MKEddystoneOperation.m */ = {isa = PBXFileReference; fileEncoding = 4; lastKnownFileType = sourcecode.c.objc; path = MKEddystoneOperation.m; sourceTree = "<group>"; };
		007E036621A6A0FE00F1B957 /* MKEddystoneDataParser.h */ = {isa = PBXFileReference; fileEncoding = 4; lastKnownFileType = sourcecode.c.h; path = MKEddystoneDataParser.h; sourceTree = "<group>"; };
		007E036721A6A0FE00F1B957 /* MKEddystoneAdopter.m */ = {isa = PBXFileReference; fileEncoding = 4; lastKnownFileType = sourcecode.c.objc; path = MKEddystoneAdopter.m; sourceTree = "<group>"; };
		007E036821A6A0FE00F1B957 /* MKEddystoneService.h */ = {isa = PBXFileReference; fileEncoding = 4; lastKnownFileType = sourcecode.c.h; path = MKEddystoneService.h; sourceTree = "<group>"; };
		007E036921A6A0FE00F1B957 /* MKBaseReceiveBeacon.h */ = {isa = PBXFileReference; fileEncoding = 4; lastKnownFileType = sourcecode.c.h; path = MKBaseReceiveBeacon.h; sourceTree = "<group>"; };
		007E036A21A6A0FE00F1B957 /* MKSDKDefines.h */ = {isa = PBXFileReference; fileEncoding = 4; lastKnownFileType = sourcecode.c.h; path = MKSDKDefines.h; sourceTree = "<group>"; };
		007E036B21A6A0FE00F1B957 /* MKCentralManager.h */ = {isa = PBXFileReference; fileEncoding = 4; lastKnownFileType = sourcecode.c.h; path = MKCentralManager.h; sourceTree = "<group>"; };
		007E036C21A6A0FE00F1B957 /* MKEddystoneInterface.h */ = {isa = PBXFileReference; fileEncoding = 4; lastKnownFileType = sourcecode.c.h; path = MKEddystoneInterface.h; sourceTree = "<group>"; };
		007E036D21A6A0FE00F1B957 /* MKEddystoneSDK.h */ = {isa = PBXFileReference; fileEncoding = 4; lastKnownFileType = sourcecode.c.h; path = MKEddystoneSDK.h; sourceTree = "<group>"; };
		007E036E21A6A0FE00F1B957 /* MKEddystoneDataParser.m */ = {isa = PBXFileReference; fileEncoding = 4; lastKnownFileType = sourcecode.c.objc; path = MKEddystoneDataParser.m; sourceTree = "<group>"; };
		007E036F21A6A0FE00F1B957 /* MKEddystoneOperation.h */ = {isa = PBXFileReference; fileEncoding = 4; lastKnownFileType = sourcecode.c.h; path = MKEddystoneOperation.h; sourceTree = "<group>"; };
		007E037021A6A0FE00F1B957 /* CBPeripheral+eddystoneAdd.m */ = {isa = PBXFileReference; fileEncoding = 4; lastKnownFileType = sourcecode.c.objc; path = "CBPeripheral+eddystoneAdd.m"; sourceTree = "<group>"; };
		41C7B9B8520D8FBA3777D7FC /* libPods-EddystoneSDK.a */ = {isa = PBXFileReference; explicitFileType = archive.ar; includeInIndex = 0; path = "libPods-EddystoneSDK.a"; sourceTree = BUILT_PRODUCTS_DIR; };
/* End PBXFileReference section */

/* Begin PBXFrameworksBuildPhase section */
		001EC5DC211AE4380041806D /* Frameworks */ = {
			isa = PBXFrameworksBuildPhase;
			buildActionMask = 2147483647;
			files = (
			);
			runOnlyForDeploymentPostprocessing = 0;
		};
/* End PBXFrameworksBuildPhase section */

/* Begin PBXGroup section */
		001EC5D6211AE4380041806D = {
			isa = PBXGroup;
			children = (
				007E035E21A6A0FE00F1B957 /* beaconXSDK */,
				000E7D0C219D5119000058E1 /* beaconXSDK.podspec */,
				001EC5E1211AE4380041806D /* EddystoneSDK */,
				001EC5E0211AE4380041806D /* Products */,
				C3A8B17FC9E356100F8EF707 /* Frameworks */,
			);
			sourceTree = "<group>";
		};
		001EC5E0211AE4380041806D /* Products */ = {
			isa = PBXGroup;
			children = (
				001EC5DF211AE4380041806D /* EddystoneSDK.app */,
			);
			name = Products;
			sourceTree = "<group>";
		};
		001EC5E1211AE4380041806D /* EddystoneSDK */ = {
			isa = PBXGroup;
			children = (
				00151AC721226E91004EC60D /* MKTestViewController.h */,
				001519B721226E90004EC60D /* MKTestViewController.m */,
				001EC5E2211AE4380041806D /* AppDelegate.h */,
				001EC5E3211AE4380041806D /* AppDelegate.m */,
				001EC5EB211AE4380041806D /* Assets.xcassets */,
				001EC5F0211AE4380041806D /* Info.plist */,
				001EC5F1211AE4380041806D /* main.m */,
				0046182921269D300036C060 /* MKScanViewController.h */,
				0046182A21269D300036C060 /* MKScanViewController.m */,
			);
			path = EddystoneSDK;
			sourceTree = "<group>";
		};
		007E035E21A6A0FE00F1B957 /* beaconXSDK */ = {
			isa = PBXGroup;
			children = (
				007E035F21A6A0FE00F1B957 /* MKEddystoneAdopter.h */,
				007E036021A6A0FE00F1B957 /* MKEddystoneOperationIDDefines.h */,
				007E036121A6A0FE00F1B957 /* MKEddystoneInterface.m */,
				007E036221A6A0FE00F1B957 /* MKCentralManager.m */,
				007E036321A6A0FE00F1B957 /* MKBaseReceiveBeacon.m */,
				007E036421A6A0FE00F1B957 /* CBPeripheral+eddystoneAdd.h */,
				007E036521A6A0FE00F1B957 /* MKEddystoneOperation.m */,
				007E036621A6A0FE00F1B957 /* MKEddystoneDataParser.h */,
				007E036721A6A0FE00F1B957 /* MKEddystoneAdopter.m */,
				007E036821A6A0FE00F1B957 /* MKEddystoneService.h */,
				007E036921A6A0FE00F1B957 /* MKBaseReceiveBeacon.h */,
				007E036A21A6A0FE00F1B957 /* MKSDKDefines.h */,
				007E036B21A6A0FE00F1B957 /* MKCentralManager.h */,
				007E036C21A6A0FE00F1B957 /* MKEddystoneInterface.h */,
				007E036D21A6A0FE00F1B957 /* MKEddystoneSDK.h */,
				007E036E21A6A0FE00F1B957 /* MKEddystoneDataParser.m */,
				007E036F21A6A0FE00F1B957 /* MKEddystoneOperation.h */,
				007E037021A6A0FE00F1B957 /* CBPeripheral+eddystoneAdd.m */,
			);
			path = beaconXSDK;
			sourceTree = "<group>";
		};
		C3A8B17FC9E356100F8EF707 /* Frameworks */ = {
			isa = PBXGroup;
			children = (
				41C7B9B8520D8FBA3777D7FC /* libPods-EddystoneSDK.a */,
			);
			name = Frameworks;
			sourceTree = "<group>";
		};
/* End PBXGroup section */

/* Begin PBXNativeTarget section */
		001EC5DE211AE4380041806D /* EddystoneSDK */ = {
			isa = PBXNativeTarget;
			buildConfigurationList = 001EC5F5211AE4380041806D /* Build configuration list for PBXNativeTarget "EddystoneSDK" */;
			buildPhases = (
				001EC5DB211AE4380041806D /* Sources */,
				001EC5DC211AE4380041806D /* Frameworks */,
				001EC5DD211AE4380041806D /* Resources */,
			);
			buildRules = (
			);
			dependencies = (
			);
			name = EddystoneSDK;
			productName = EddystoneSDK;
			productReference = 001EC5DF211AE4380041806D /* EddystoneSDK.app */;
			productType = "com.apple.product-type.application";
		};
/* End PBXNativeTarget section */

/* Begin PBXProject section */
		001EC5D7211AE4380041806D /* Project object */ = {
			isa = PBXProject;
			attributes = {
				LastUpgradeCheck = 1010;
				ORGANIZATIONNAME = MK;
				TargetAttributes = {
					001EC5DE211AE4380041806D = {
						CreatedOnToolsVersion = 9.2;
						ProvisioningStyle = Automatic;
					};
				};
			};
			buildConfigurationList = 001EC5DA211AE4380041806D /* Build configuration list for PBXProject "EddystoneSDK" */;
			compatibilityVersion = "Xcode 8.0";
			developmentRegion = en;
			hasScannedForEncodings = 0;
			knownRegions = (
				en,
				Base,
			);
			mainGroup = 001EC5D6211AE4380041806D;
			productRefGroup = 001EC5E0211AE4380041806D /* Products */;
			projectDirPath = "";
			projectRoot = "";
			targets = (
				001EC5DE211AE4380041806D /* EddystoneSDK */,
			);
		};
/* End PBXProject section */

/* Begin PBXResourcesBuildPhase section */
		001EC5DD211AE4380041806D /* Resources */ = {
			isa = PBXResourcesBuildPhase;
			buildActionMask = 2147483647;
			files = (
				000E7D0D219D5119000058E1 /* beaconXSDK.podspec in Resources */,
				001EC5EC211AE4380041806D /* Assets.xcassets in Resources */,
			);
			runOnlyForDeploymentPostprocessing = 0;
		};
/* End PBXResourcesBuildPhase section */

/* Begin PBXSourcesBuildPhase section */
		001EC5DB211AE4380041806D /* Sources */ = {
			isa = PBXSourcesBuildPhase;
			buildActionMask = 2147483647;
			files = (
				007E037321A6A0FE00F1B957 /* MKBaseReceiveBeacon.m in Sources */,
				007E037721A6A0FE00F1B957 /* CBPeripheral+eddystoneAdd.m in Sources */,
				007E037421A6A0FE00F1B957 /* MKEddystoneOperation.m in Sources */,
				007E037621A6A0FE00F1B957 /* MKEddystoneDataParser.m in Sources */,
				001EC5F2211AE4380041806D /* main.m in Sources */,
				007E037221A6A0FE00F1B957 /* MKCentralManager.m in Sources */,
				0046182B21269D300036C060 /* MKScanViewController.m in Sources */,
				007E037521A6A0FE00F1B957 /* MKEddystoneAdopter.m in Sources */,
				001EC5E4211AE4380041806D /* AppDelegate.m in Sources */,
				007E037121A6A0FE00F1B957 /* MKEddystoneInterface.m in Sources */,
				00151AC821226E91004EC60D /* MKTestViewController.m in Sources */,
			);
			runOnlyForDeploymentPostprocessing = 0;
		};
/* End PBXSourcesBuildPhase section */

/* Begin XCBuildConfiguration section */
		001EC5F3211AE4380041806D /* Debug */ = {
			isa = XCBuildConfiguration;
			buildSettings = {
				ALWAYS_SEARCH_USER_PATHS = NO;
				CLANG_ANALYZER_NONNULL = YES;
				CLANG_ANALYZER_NUMBER_OBJECT_CONVERSION = YES_AGGRESSIVE;
				CLANG_CXX_LANGUAGE_STANDARD = "gnu++14";
				CLANG_CXX_LIBRARY = "libc++";
				CLANG_ENABLE_MODULES = YES;
				CLANG_ENABLE_OBJC_ARC = YES;
				CLANG_WARN_BLOCK_CAPTURE_AUTORELEASING = YES;
				CLANG_WARN_BOOL_CONVERSION = YES;
				CLANG_WARN_COMMA = YES;
				CLANG_WARN_CONSTANT_CONVERSION = YES;
				CLANG_WARN_DEPRECATED_OBJC_IMPLEMENTATIONS = YES;
				CLANG_WARN_DIRECT_OBJC_ISA_USAGE = YES_ERROR;
				CLANG_WARN_DOCUMENTATION_COMMENTS = YES;
				CLANG_WARN_EMPTY_BODY = YES;
				CLANG_WARN_ENUM_CONVERSION = YES;
				CLANG_WARN_INFINITE_RECURSION = YES;
				CLANG_WARN_INT_CONVERSION = YES;
				CLANG_WARN_NON_LITERAL_NULL_CONVERSION = YES;
				CLANG_WARN_OBJC_IMPLICIT_RETAIN_SELF = YES;
				CLANG_WARN_OBJC_LITERAL_CONVERSION = YES;
				CLANG_WARN_OBJC_ROOT_CLASS = YES_ERROR;
				CLANG_WARN_RANGE_LOOP_ANALYSIS = YES;
				CLANG_WARN_STRICT_PROTOTYPES = YES;
				CLANG_WARN_SUSPICIOUS_MOVE = YES;
				CLANG_WARN_UNGUARDED_AVAILABILITY = YES_AGGRESSIVE;
				CLANG_WARN_UNREACHABLE_CODE = YES;
				CLANG_WARN__DUPLICATE_METHOD_MATCH = YES;
				CODE_SIGN_IDENTITY = "iPhone Developer";
				COPY_PHASE_STRIP = NO;
				DEBUG_INFORMATION_FORMAT = dwarf;
				ENABLE_STRICT_OBJC_MSGSEND = YES;
				ENABLE_TESTABILITY = YES;
				GCC_C_LANGUAGE_STANDARD = gnu11;
				GCC_DYNAMIC_NO_PIC = NO;
				GCC_NO_COMMON_BLOCKS = YES;
				GCC_OPTIMIZATION_LEVEL = 0;
				GCC_PREPROCESSOR_DEFINITIONS = (
					"DEBUG=1",
					"$(inherited)",
				);
				GCC_WARN_64_TO_32_BIT_CONVERSION = YES;
				GCC_WARN_ABOUT_RETURN_TYPE = YES_ERROR;
				GCC_WARN_UNDECLARED_SELECTOR = YES;
				GCC_WARN_UNINITIALIZED_AUTOS = YES_AGGRESSIVE;
				GCC_WARN_UNUSED_FUNCTION = YES;
				GCC_WARN_UNUSED_VARIABLE = YES;
				IPHONEOS_DEPLOYMENT_TARGET = 11.2;
				MTL_ENABLE_DEBUG_INFO = YES;
				ONLY_ACTIVE_ARCH = YES;
				SDKROOT = iphoneos;
			};
			name = Debug;
		};
		001EC5F4211AE4380041806D /* Release */ = {
			isa = XCBuildConfiguration;
			buildSettings = {
				ALWAYS_SEARCH_USER_PATHS = NO;
				CLANG_ANALYZER_NONNULL = YES;
				CLANG_ANALYZER_NUMBER_OBJECT_CONVERSION = YES_AGGRESSIVE;
				CLANG_CXX_LANGUAGE_STANDARD = "gnu++14";
				CLANG_CXX_LIBRARY = "libc++";
				CLANG_ENABLE_MODULES = YES;
				CLANG_ENABLE_OBJC_ARC = YES;
				CLANG_WARN_BLOCK_CAPTURE_AUTORELEASING = YES;
				CLANG_WARN_BOOL_CONVERSION = YES;
				CLANG_WARN_COMMA = YES;
				CLANG_WARN_CONSTANT_CONVERSION = YES;
				CLANG_WARN_DEPRECATED_OBJC_IMPLEMENTATIONS = YES;
				CLANG_WARN_DIRECT_OBJC_ISA_USAGE = YES_ERROR;
				CLANG_WARN_DOCUMENTATION_COMMENTS = YES;
				CLANG_WARN_EMPTY_BODY = YES;
				CLANG_WARN_ENUM_CONVERSION = YES;
				CLANG_WARN_INFINITE_RECURSION = YES;
				CLANG_WARN_INT_CONVERSION = YES;
				CLANG_WARN_NON_LITERAL_NULL_CONVERSION = YES;
				CLANG_WARN_OBJC_IMPLICIT_RETAIN_SELF = YES;
				CLANG_WARN_OBJC_LITERAL_CONVERSION = YES;
				CLANG_WARN_OBJC_ROOT_CLASS = YES_ERROR;
				CLANG_WARN_RANGE_LOOP_ANALYSIS = YES;
				CLANG_WARN_STRICT_PROTOTYPES = YES;
				CLANG_WARN_SUSPICIOUS_MOVE = YES;
				CLANG_WARN_UNGUARDED_AVAILABILITY = YES_AGGRESSIVE;
				CLANG_WARN_UNREACHABLE_CODE = YES;
				CLANG_WARN__DUPLICATE_METHOD_MATCH = YES;
				CODE_SIGN_IDENTITY = "iPhone Developer";
				COPY_PHASE_STRIP = NO;
				DEBUG_INFORMATION_FORMAT = "dwarf-with-dsym";
				ENABLE_NS_ASSERTIONS = NO;
				ENABLE_STRICT_OBJC_MSGSEND = YES;
				GCC_C_LANGUAGE_STANDARD = gnu11;
				GCC_NO_COMMON_BLOCKS = YES;
				GCC_WARN_64_TO_32_BIT_CONVERSION = YES;
				GCC_WARN_ABOUT_RETURN_TYPE = YES_ERROR;
				GCC_WARN_UNDECLARED_SELECTOR = YES;
				GCC_WARN_UNINITIALIZED_AUTOS = YES_AGGRESSIVE;
				GCC_WARN_UNUSED_FUNCTION = YES;
				GCC_WARN_UNUSED_VARIABLE = YES;
				IPHONEOS_DEPLOYMENT_TARGET = 11.2;
				MTL_ENABLE_DEBUG_INFO = NO;
				SDKROOT = iphoneos;
				VALIDATE_PRODUCT = YES;
			};
			name = Release;
		};
		001EC5F6211AE4380041806D /* Debug */ = {
			isa = XCBuildConfiguration;
			buildSettings = {
				ASSETCATALOG_COMPILER_APPICON_NAME = AppIcon;
				CODE_SIGN_STYLE = Automatic;
				DEVELOPMENT_TEAM = R558LEUW2T;
				GCC_PREFIX_HEADER = "";
				INFOPLIST_FILE = EddystoneSDK/Info.plist;
				IPHONEOS_DEPLOYMENT_TARGET = 8.0;
				LD_RUNPATH_SEARCH_PATHS = "$(inherited) @executable_path/Frameworks";
				PRODUCT_BUNDLE_IDENTIFIER = com.moko.EddystoneSDK;
				PRODUCT_NAME = "$(TARGET_NAME)";
				TARGETED_DEVICE_FAMILY = 1;
			};
			name = Debug;
		};
		001EC5F7211AE4380041806D /* Release */ = {
			isa = XCBuildConfiguration;
			buildSettings = {
				ASSETCATALOG_COMPILER_APPICON_NAME = AppIcon;
				CODE_SIGN_STYLE = Automatic;
				DEVELOPMENT_TEAM = R558LEUW2T;
				GCC_PREFIX_HEADER = "";
				INFOPLIST_FILE = EddystoneSDK/Info.plist;
				IPHONEOS_DEPLOYMENT_TARGET = 8.0;
				LD_RUNPATH_SEARCH_PATHS = "$(inherited) @executable_path/Frameworks";
				PRODUCT_BUNDLE_IDENTIFIER = com.moko.EddystoneSDK;
				PRODUCT_NAME = "$(TARGET_NAME)";
				TARGETED_DEVICE_FAMILY = 1;
			};
			name = Release;
		};
/* End XCBuildConfiguration section */

/* Begin XCConfigurationList section */
		001EC5DA211AE4380041806D /* Build configuration list for PBXProject "EddystoneSDK" */ = {
			isa = XCConfigurationList;
			buildConfigurations = (
				001EC5F3211AE4380041806D /* Debug */,
				001EC5F4211AE4380041806D /* Release */,
			);
			defaultConfigurationIsVisible = 0;
			defaultConfigurationName = Release;
		};
		001EC5F5211AE4380041806D /* Build configuration list for PBXNativeTarget "EddystoneSDK" */ = {
			isa = XCConfigurationList;
			buildConfigurations = (
				001EC5F6211AE4380041806D /* Debug */,
				001EC5F7211AE4380041806D /* Release */,
			);
			defaultConfigurationIsVisible = 0;
			defaultConfigurationName = Release;
		};
/* End XCConfigurationList section */
	};
	rootObject = 001EC5D7211AE4380041806D /* Project object */;
}
